
Microsoft Visual Studio Solution File, Format Version 12.00
# Visual Studio Version 17
VisualStudioVersion = 17.10.35013.160
MinimumVisualStudioVersion = 10.0.40219.1
Project("{2150E333-8FDC-42A3-9474-1A3956D46DE8}") = "sources", "sources", "{5FCE04FE-802C-4560-95AD-F32E55B93A3D}"
EndProject
Project("{2150E333-8FDC-42A3-9474-1A3956D46DE8}") = "ClientApi", "ClientApi", "{2D1B43F2-AEEA-4499-B0F3-C83919DC7D83}"
EndProject
Project("{2150E333-8FDC-42A3-9474-1A3956D46DE8}") = "Common", "Common", "{97C87AD8-D062-4C52-A4F8-0333F9DC0628}"
EndProject
Project("{FAE04EC0-301F-11D3-BF4B-00C04F79EFBC}") = "ClientApi.Student", "sources\ClientApi\ClientApi.Student\ClientApi.Student.csproj", "{AB3C6CA4-A50F-4211-8911-E1E19CCCAF04}"
EndProject
Project("{FAE04EC0-301F-11D3-BF4B-00C04F79EFBC}") = "Database", "sources\Common\Database\Database.csproj", "{098050D6-56A4-49BC-9D1A-8EAE3781BF14}"
EndProject
Project("{FAE04EC0-301F-11D3-BF4B-00C04F79EFBC}") = "Services", "Services\Services.csproj", "{7A185490-6DA4-4823-8A08-9D6F732151BD}"
EndProject
Global
	GlobalSection(SolutionConfigurationPlatforms) = preSolution
		Debug|Any CPU = Debug|Any CPU
		Release|Any CPU = Release|Any CPU
	EndGlobalSection
	GlobalSection(ProjectConfigurationPlatforms) = postSolution
		{AB3C6CA4-A50F-4211-8911-E1E19CCCAF04}.Debug|Any CPU.ActiveCfg = Debug|Any CPU
		{AB3C6CA4-A50F-4211-8911-E1E19CCCAF04}.Debug|Any CPU.Build.0 = Debug|Any CPU
		{AB3C6CA4-A50F-4211-8911-E1E19CCCAF04}.Release|Any CPU.ActiveCfg = Release|Any CPU
		{AB3C6CA4-A50F-4211-8911-E1E19CCCAF04}.Release|Any CPU.Build.0 = Release|Any CPU
		{098050D6-56A4-49BC-9D1A-8EAE3781BF14}.Debug|Any CPU.ActiveCfg = Debug|Any CPU
		{098050D6-56A4-49BC-9D1A-8EAE3781BF14}.Debug|Any CPU.Build.0 = Debug|Any CPU
		{098050D6-56A4-49BC-9D1A-8EAE3781BF14}.Release|Any CPU.ActiveCfg = Release|Any CPU
		{098050D6-56A4-49BC-9D1A-8EAE3781BF14}.Release|Any CPU.Build.0 = Release|Any CPU
		{7A185490-6DA4-4823-8A08-9D6F732151BD}.Debug|Any CPU.ActiveCfg = Debug|Any CPU
		{7A185490-6DA4-4823-8A08-9D6F732151BD}.Debug|Any CPU.Build.0 = Debug|Any CPU
		{7A185490-6DA4-4823-8A08-9D6F732151BD}.Release|Any CPU.ActiveCfg = Release|Any CPU
		{7A185490-6DA4-4823-8A08-9D6F732151BD}.Release|Any CPU.Build.0 = Release|Any CPU
	EndGlobalSection
	GlobalSection(SolutionProperties) = preSolution
		HideSolutionNode = FALSE
	EndGlobalSection
	GlobalSection(NestedProjects) = preSolution
		{2D1B43F2-AEEA-4499-B0F3-C83919DC7D83} = {5FCE04FE-802C-4560-95AD-F32E55B93A3D}
		{97C87AD8-D062-4C52-A4F8-0333F9DC0628} = {5FCE04FE-802C-4560-95AD-F32E55B93A3D}
		{AB3C6CA4-A50F-4211-8911-E1E19CCCAF04} = {2D1B43F2-AEEA-4499-B0F3-C83919DC7D83}
		{098050D6-56A4-49BC-9D1A-8EAE3781BF14} = {97C87AD8-D062-4C52-A4F8-0333F9DC0628}
		{7A185490-6DA4-4823-8A08-9D6F732151BD} = {97C87AD8-D062-4C52-A4F8-0333F9DC0628}
	EndGlobalSection
	GlobalSection(ExtensibilityGlobals) = postSolution
		SolutionGuid = {8FCB63D8-CD5E-4146-9D89-9D05A3832ED7}
	EndGlobalSection
EndGlobal
